
Microsoft Visual Studio Solution File, Format Version 12.00
# Visual Studio Version 16
VisualStudioVersion = 16.0.31105.61
MinimumVisualStudioVersion = 10.0.40219.1
Project("{9A19103F-16F7-4668-BE54-9A1E7A4F7556}") = "EditorProject", "EditorProject.csproj", "{F339E168-F38F-4554-8D4B-5A3FF1221AC0}"
EndProject
Global
	GlobalSection(SolutionConfigurationPlatforms) = preSolution
		Debug|Any CPU = Debug|Any CPU
		Release|Any CPU = Release|Any CPU
	EndGlobalSection
	GlobalSection(ProjectConfigurationPlatforms) = postSolution
		{F339E168-F38F-4554-8D4B-5A3FF1221AC0}.Debug|Any CPU.ActiveCfg = Debug|Any CPU
		{F339E168-F38F-4554-8D4B-5A3FF1221AC0}.Debug|Any CPU.Build.0 = Debug|Any CPU
		{F339E168-F38F-4554-8D4B-5A3FF1221AC0}.Release|Any CPU.ActiveCfg = Release|Any CPU
		{F339E168-F38F-4554-8D4B-5A3FF1221AC0}.Release|Any CPU.Build.0 = Release|Any CPU
	EndGlobalSection
	GlobalSection(SolutionProperties) = preSolution
		HideSolutionNode = FALSE
	EndGlobalSection
	GlobalSection(ExtensibilityGlobals) = postSolution
		SolutionGuid = {45AFBD7E-EDDD-47B5-A753-BB509F958E4F}
	EndGlobalSection
EndGlobal
